Microsoft Visual Studio Solution File, Format Version 11.00
# Visual Studio 2008

Project("{A6BA858D-0641-1B59-8AFB-0FECE6A731A9}") = "JackKnife", "Assembly-CSharp-vs.csproj", "{506C513F-A24B-6C35-1C22-11F8FC328DB0}"
EndProject
Project("{A6BA858D-0641-1B59-8AFB-0FECE6A731A9}") = "JackKnife", "Assembly-CSharp-Editor-vs.csproj", "{F52751C9-3DF0-1A53-AD8A-8197700FDD56}"
EndProject
Global
	GlobalSection(SolutionConfigurationPlatforms) = preSolution
		Debug|Any CPU = Debug|Any CPU
		Release|Any CPU = Release|Any CPU
	EndGlobalSection
	GlobalSection(ProjectConfigurationPlatforms) = postSolution
		{506C513F-A24B-6C35-1C22-11F8FC328DB0}.Debug|Any CPU.ActiveCfg = Debug|Any CPU
		{506C513F-A24B-6C35-1C22-11F8FC328DB0}.Debug|Any CPU.Build.0 = Debug|Any CPU
		{506C513F-A24B-6C35-1C22-11F8FC328DB0}.Release|Any CPU.ActiveCfg = Release|Any CPU
		{506C513F-A24B-6C35-1C22-11F8FC328DB0}.Release|Any CPU.Build.0 = Release|Any CPU
		{F52751C9-3DF0-1A53-AD8A-8197700FDD56}.Debug|Any CPU.ActiveCfg = Debug|Any CPU
		{F52751C9-3DF0-1A53-AD8A-8197700FDD56}.Debug|Any CPU.Build.0 = Debug|Any CPU
		{F52751C9-3DF0-1A53-AD8A-8197700FDD56}.Release|Any CPU.ActiveCfg = Release|Any CPU
		{F52751C9-3DF0-1A53-AD8A-8197700FDD56}.Release|Any CPU.Build.0 = Release|Any CPU
	EndGlobalSection
	GlobalSection(SolutionProperties) = preSolution
		HideSolutionNode = FALSE
	EndGlobalSection
																																						GlobalSection(MonoDevelopProperties) = preSolution
		StartupItem = Assembly-CSharp.csproj
		Policies = $0
		$0.TextStylePolicy = $1
		$1.inheritsSet = null
		$1.scope = text/x-csharp
		$0.CSharpFormattingPolicy = $2
		$2.inheritsSet = Mono
		$2.inheritsScope = text/x-csharp
		$2.scope = text/x-csharp
		$0.TextStylePolicy = $3
		$3.FileWidth = 120
		$3.TabWidth = 4
		$3.EolMarker = Unix
		$3.inheritsSet = Mono
		$3.inheritsScope = text/plain
		$3.scope = text/plain
	EndGlobalSection

EndGlobal
